
Microsoft Visual Studio Solution File, Format Version 12.00
# Visual Studio Version 17
VisualStudioVersion = 17.9.34714.143
MinimumVisualStudioVersion = 10.0.40219.1
Project("{9A19103F-16F7-4668-BE54-9A1E7A4F7556}") = "ShapesLibrary", "ShapesLibrary\ShapesLibrary.csproj", "{F7B23CE0-CD51-4BE6-B990-57A8EEF5DE01}"
EndProject
Global
	GlobalSection(SolutionConfigurationPlatforms) = preSolution
		Debug|Any CPU = Debug|Any CPU
		Release|Any CPU = Release|Any CPU
	EndGlobalSection
	GlobalSection(ProjectConfigurationPlatforms) = postSolution
		{F7B23CE0-CD51-4BE6-B990-57A8EEF5DE01}.Debug|Any CPU.ActiveCfg = Debug|Any CPU
		{F7B23CE0-CD51-4BE6-B990-57A8EEF5DE01}.Debug|Any CPU.Build.0 = Debug|Any CPU
		{F7B23CE0-CD51-4BE6-B990-57A8EEF5DE01}.Release|Any CPU.ActiveCfg = Release|Any CPU
		{F7B23CE0-CD51-4BE6-B990-57A8EEF5DE01}.Release|Any CPU.Build.0 = Release|Any CPU
	EndGlobalSection
	GlobalSection(SolutionProperties) = preSolution
		HideSolutionNode = FALSE
	EndGlobalSection
	GlobalSection(ExtensibilityGlobals) = postSolution
		SolutionGuid = {0E2E1EA8-1513-415E-AE24-FA21F6E3C169}
	EndGlobalSection
EndGlobal
